
Microsoft Visual Studio Solution File, Format Version 12.00
# Visual Studio 2012
Project("{FAE04EC0-301F-11D3-BF4B-00C04F79EFBC}") = "MediatrTest.Droid", "MediatrTest.Droid\MediatrTest.Droid.csproj", "{7EB94816-4968-4D13-8782-675B9CAA2BFF}"
EndProject
Project("{FAE04EC0-301F-11D3-BF4B-00C04F79EFBC}") = "MediatrTest.iOS", "MediatrTest.iOS\MediatrTest.iOS.csproj", "{54AA51F5-38BA-4CB8-B279-3FCD532BDF4D}"
EndProject
Project("{FAE04EC0-301F-11D3-BF4B-00C04F79EFBC}") = "MediatrTest.Core", "MediatrTest.Core\MediatrTest.Core.csproj", "{2ECD8141-959E-45B6-9647-8F06FEA8050F}"
EndProject
Project("{2150E333-8FDC-42A3-9474-1A3956D46DE8}") = "Solution Items", "Solution Items", "{7BD15BDB-5B34-4308-A9BA-D94A20598CC1}"
EndProject
Global
	GlobalSection(SolutionConfigurationPlatforms) = preSolution
		Debug|Any CPU = Debug|Any CPU
		Release|Any CPU = Release|Any CPU
		Debug|iPhoneSimulator = Debug|iPhoneSimulator
		Release|iPhone = Release|iPhone
		Release|iPhoneSimulator = Release|iPhoneSimulator
		Debug|iPhone = Debug|iPhone
	EndGlobalSection
	GlobalSection(ProjectConfigurationPlatforms) = postSolution
		{7EB94816-4968-4D13-8782-675B9CAA2BFF}.Debug|Any CPU.ActiveCfg = Debug|Any CPU
		{7EB94816-4968-4D13-8782-675B9CAA2BFF}.Debug|Any CPU.Build.0 = Debug|Any CPU
		{7EB94816-4968-4D13-8782-675B9CAA2BFF}.Release|Any CPU.ActiveCfg = Release|Any CPU
		{7EB94816-4968-4D13-8782-675B9CAA2BFF}.Release|Any CPU.Build.0 = Release|Any CPU
		{7EB94816-4968-4D13-8782-675B9CAA2BFF}.Debug|iPhoneSimulator.ActiveCfg = Debug|Any CPU
		{7EB94816-4968-4D13-8782-675B9CAA2BFF}.Debug|iPhoneSimulator.Build.0 = Debug|Any CPU
		{7EB94816-4968-4D13-8782-675B9CAA2BFF}.Release|iPhone.ActiveCfg = Release|Any CPU
		{7EB94816-4968-4D13-8782-675B9CAA2BFF}.Release|iPhone.Build.0 = Release|Any CPU
		{7EB94816-4968-4D13-8782-675B9CAA2BFF}.Release|iPhoneSimulator.ActiveCfg = Release|Any CPU
		{7EB94816-4968-4D13-8782-675B9CAA2BFF}.Release|iPhoneSimulator.Build.0 = Release|Any CPU
		{7EB94816-4968-4D13-8782-675B9CAA2BFF}.Debug|iPhone.ActiveCfg = Debug|Any CPU
		{7EB94816-4968-4D13-8782-675B9CAA2BFF}.Debug|iPhone.Build.0 = Debug|Any CPU
		{54AA51F5-38BA-4CB8-B279-3FCD532BDF4D}.Debug|Any CPU.ActiveCfg = Debug|iPhoneSimulator
		{54AA51F5-38BA-4CB8-B279-3FCD532BDF4D}.Debug|Any CPU.Build.0 = Debug|iPhoneSimulator
		{54AA51F5-38BA-4CB8-B279-3FCD532BDF4D}.Release|Any CPU.ActiveCfg = Release|iPhone
		{54AA51F5-38BA-4CB8-B279-3FCD532BDF4D}.Release|Any CPU.Build.0 = Release|iPhone
		{54AA51F5-38BA-4CB8-B279-3FCD532BDF4D}.Debug|iPhoneSimulator.ActiveCfg = Debug|iPhoneSimulator
		{54AA51F5-38BA-4CB8-B279-3FCD532BDF4D}.Debug|iPhoneSimulator.Build.0 = Debug|iPhoneSimulator
		{54AA51F5-38BA-4CB8-B279-3FCD532BDF4D}.Release|iPhone.ActiveCfg = Release|iPhone
		{54AA51F5-38BA-4CB8-B279-3FCD532BDF4D}.Release|iPhone.Build.0 = Release|iPhone
		{54AA51F5-38BA-4CB8-B279-3FCD532BDF4D}.Release|iPhoneSimulator.ActiveCfg = Release|iPhoneSimulator
		{54AA51F5-38BA-4CB8-B279-3FCD532BDF4D}.Release|iPhoneSimulator.Build.0 = Release|iPhoneSimulator
		{54AA51F5-38BA-4CB8-B279-3FCD532BDF4D}.Debug|iPhone.ActiveCfg = Debug|iPhone
		{54AA51F5-38BA-4CB8-B279-3FCD532BDF4D}.Debug|iPhone.Build.0 = Debug|iPhone
		{2ECD8141-959E-45B6-9647-8F06FEA8050F}.Debug|Any CPU.ActiveCfg = Debug|Any CPU
		{2ECD8141-959E-45B6-9647-8F06FEA8050F}.Debug|Any CPU.Build.0 = Debug|Any CPU
		{2ECD8141-959E-45B6-9647-8F06FEA8050F}.Release|Any CPU.ActiveCfg = Release|Any CPU
		{2ECD8141-959E-45B6-9647-8F06FEA8050F}.Release|Any CPU.Build.0 = Release|Any CPU
		{2ECD8141-959E-45B6-9647-8F06FEA8050F}.Debug|iPhoneSimulator.ActiveCfg = Debug|Any CPU
		{2ECD8141-959E-45B6-9647-8F06FEA8050F}.Debug|iPhoneSimulator.Build.0 = Debug|Any CPU
		{2ECD8141-959E-45B6-9647-8F06FEA8050F}.Release|iPhone.ActiveCfg = Release|Any CPU
		{2ECD8141-959E-45B6-9647-8F06FEA8050F}.Release|iPhone.Build.0 = Release|Any CPU
		{2ECD8141-959E-45B6-9647-8F06FEA8050F}.Release|iPhoneSimulator.ActiveCfg = Release|Any CPU
		{2ECD8141-959E-45B6-9647-8F06FEA8050F}.Release|iPhoneSimulator.Build.0 = Release|Any CPU
		{2ECD8141-959E-45B6-9647-8F06FEA8050F}.Debug|iPhone.ActiveCfg = Debug|Any CPU
		{2ECD8141-959E-45B6-9647-8F06FEA8050F}.Debug|iPhone.Build.0 = Debug|Any CPU
	EndGlobalSection
EndGlobal
